github.com/abrander/gguf v0.0.0-20231228004541-3d15a052a17f h1:0N46UDO1o1dd1miAx6yh5F9ABZIOGs81tsjTFYMcNkw=
github.com/abrander/gguf v0.0.0-20231228004541-3d15a052a17f/go.mod h1:5BQP8kdzjiZiAtfTARj1BAPhjQkbPXOXD62nB+bLwXc=
github.com/davecgh/go-spew v1.1.1 h1:vj9j/u1bqnvCEfJOwUhtlOARqs3+rkHYY13jYWTU97c=
github.com/davecgh/go-spew v1.1.1/go.mod h1:J7Y8YcW2NihsgmVo/mv3lAwl/skON4iLHjSsI+c5H38=
github.com/eliben/go-sentencepiece v0.6.0 h1:wbnefMCxYyVYmeTVtiMJet+mS9CVwq5klveLpfQLsnk=
github.com/eliben/go-sentencepiece v0.6.0/go.mod h1:nNYk4aMzgBoI6QFp4LUG8Eu1uO9fHD9L5ZEre93o9+c=
github.com/go-logr/logr v1.4.3 h1:CjnDlHq8ikf6E492q6eKboGOC0T8CDaOvkHCIg8idEI=
github.com/go-logr/logr v1.4.3/go.mod h1:9T104GzyrTigFIr8wt5mBrctHMim0Nb2HLGrmQ40KvY=
github.com/gomlx/gopjrt v0.8.3 h1:X9CC/Xz+WK7CE5LnXoxKTNLgZSUjAz/mS+8Jgj+fTpg=
github.com/gomlx/gopjrt v0.8.3/go.mod h1:XxRE5FOqAdgUBuK2J7wlb57MgVcX/dbL3b+qfVBMCVQ=
github.com/google/go-cmp v0.7.0 h1:wk8382ETsv4JYUZwIsn6YpYiWiBsYLSJiTsyBybVuN8=
github.com/google/go-cmp v0.7.0/go.mod h1:pXiqmnSA92OHEEa9HXL2W4E7lf9JzCmGVUdgjX3N/iU=
github.com/gx-org/backend v0.3.1-0.20251008204911-df311e14b84e h1:foRXaFkUzBMSKLlg1H8r5ksstQX6uk2cYdMBHGo0uZQ=
github.com/gx-org/backend v0.3.1-0.20251008204911-df311e14b84e/go.mod h1:7/vxVrdZy+XCB2lXO+rCAhHrYlx3Byi6fivxAPVtRUE=
github.com/gx-org/gguf v0.0.0-20251015175110-dc919a939025 h1:FLj50SqtOL0NEQLWV7qA+b891lwwA0S00Ym6IcXsdRA=
github.com/gx-org/gguf v0.0.0-20251015175110-dc919a939025/go.mod h1:bMmHCK5X+Jd3ZUVwaZ7KvNXbhRgSYCOkWJsqD3AANgM=
github.com/gx-org/gx v0.6.2-0.20251015135442-71cfef78269a h1:CD2nJGmnSL30uGFdYGW0QM6TJQcfk0qkpIP8s8xmYPQ=
github.com/gx-org/gx v0.6.2-0.20251015135442-71cfef78269a/go.mod h1:8BmHHfiBPpscaAmrt1fD/qXeyr1xOUsd5Q7mBuLSpZU=
github.com/gx-org/xlapjrt v0.2.4-0.20251015173708-f24063ffa51d h1:psJv7Q4SUieDjlpzfNQZpF6amXh2mP6YTSgAahYzN5g=
github.com/gx-org/xlapjrt v0.2.4-0.20251015173708-f24063ffa51d/go.mod h1:n7fD1TclSEHpLroCyuWOsw4/JKsqOxyALtik/LSD9is=
github.com/janpfeifer/go-benchmarks v0.1.1 h1:gLLy07/JrOKSnMWeUxSnjTdhkglgmrNR2IBDnR4kRqw=
github.com/janpfeifer/go-benchmarks v0.1.1/go.mod h1:5AagXCOUzevvmYFQalcgoa4oWPyH1IkZNckolGWfiSM=
github.com/pkg/errors v0.9.1 h1:FEBLx1zS214owpjy7qsBeixbURkuhQAwrK5UwLGTwt4=
github.com/pkg/errors v0.9.1/go.mod h1:bwawxfHBFNV+L2hUp1rHADufV3IMtnDRdf1r5NINEl0=
github.com/pmezard/go-difflib v1.0.0 h1:4DBwDE0NGyQoBHbLQYPwSUPoCMWR5BEzIk/f1lZbAQM=
github.com/pmezard/go-difflib v1.0.0/go.mod h1:iKH77koFhYxTK1pcRnkKkqfTogsbg7gZNVY4sRDYZ/4=
github.com/streadway/quantile v0.0.0-20220407130108-4246515d968d h1:X4+kt6zM/OVO6gbJdAfJR60MGPsqCzbtXNnjoGqdfAs=
github.com/streadway/quantile v0.0.0-20220407130108-4246515d968d/go.mod h1:lbP8tGiBjZ5YWIc2fzuRpTaz0b/53vT6PEs3QuAWzuU=
github.com/stretchr/testify v1.11.1 h1:7s2iGBzp5EwR7/aIZr8ao5+dra3wiQyKjjFuvgVKu7U=
github.com/stretchr/testify v1.11.1/go.mod h1:wZwfW3scLgRK+23gO65QZefKpKQRnfz6sD981Nm4B6U=
github.com/x448/float16 v0.8.4 h1:qLwI1I70+NjRFUR3zs1JPUCgaCXSh3SW62uAKT1mSBM=
github.com/x448/float16 v0.8.4/go.mod h1:14CWIYCyZA/cWjXOioeEpHeN/83MdbZDRQHoFcYsOfg=
go.uber.org/multierr v1.11.0 h1:blXXJkSxSSfBVBlC76pxqeO+LN3aDfLQo+309xJstO0=
go.uber.org/multierr v1.11.0/go.mod h1:20+QtiLqy0Nd6FdQB9TLXag12DsQkrbs3htMFfDN80Y=
golang.org/x/mod v0.27.0 h1:kb+q2PyFnEADO2IEF935ehFUXlWiNjJWtRNgBLSfbxQ=
golang.org/x/mod v0.27.0/go.mod h1:rWI627Fq0DEoudcK+MBkNkCe0EetEaDSwJJkCcjpazc=
google.golang.org/protobuf v1.36.10 h1:AYd7cD/uASjIL6Q9LiTjz8JLcrh/88q5UObnmY3aOOE=
google.golang.org/protobuf v1.36.10/go.mod h1:HTf+CrKn2C3g5S8VImy6tdcUvCska2kB7j23XfzDpco=
gopkg.in/yaml.v3 v3.0.1 h1:fxVm/GzAzEWqLHuvctI91KS9hhNmmWOoWu0XTYJS7CA=
gopkg.in/yaml.v3 v3.0.1/go.mod h1:K4uyk7z7BCEPqu6E+C64Yfv1cQ7kz7rIZviUmN+EgEM=
k8s.io/klog/v2 v2.130.1 h1:n9Xl7H1Xvksem4KFG4PYbdQCQxqc/tTUyrgXaOhHSzk=
k8s.io/klog/v2 v2.130.1/go.mod h1:3Jpz1GvMt720eyJH1ckRHK1EDfpxISzJ7I9OYgaDtPE=
